// !$*UTF8*$!
{
	archiveVersion = 1;
	classes = {
	};
	objectVersion = 56;
	objects = {

/* Begin PBXBuildFile section */
		B71A73E429AB913600E9F3B6 /* BudgetViewModel.swift in Sources */ = {isa = PBXBuildFile; fileRef = B71A73E329AB913600E9F3B6 /* BudgetViewModel.swift */; };
		B72D65C6299981DE0030FBF2 /* HistoryView.swift in Sources */ = {isa = PBXBuildFile; fileRef = B72D65C5299981DE0030FBF2 /* HistoryView.swift */; };
		B72D65C8299982150030FBF2 /* HistoryViewModel.swift in Sources */ = {isa = PBXBuildFile; fileRef = B72D65C7299982150030FBF2 /* HistoryViewModel.swift */; };
		B72E96C8299D8380002EA4A5 /* Budget.swift in Sources */ = {isa = PBXBuildFile; fileRef = B72E96C7299D8380002EA4A5 /* Budget.swift */; };
		B7405364299971460064AF36 /* FundsApp.swift in Sources */ = {isa = PBXBuildFile; fileRef = B7405363299971460064AF36 /* FundsApp.swift */; };
		B7405366299971460064AF36 /* HomeView.swift in Sources */ = {isa = PBXBuildFile; fileRef = B7405365299971460064AF36 /* HomeView.swift */; };
		B7405368299971470064AF36 /* Assets.xcassets in Resources */ = {isa = PBXBuildFile; fileRef = B7405367299971470064AF36 /* Assets.xcassets */; };
		B740536B299971470064AF36 /* Preview Assets.xcassets in Resources */ = {isa = PBXBuildFile; fileRef = B740536A299971470064AF36 /* Preview Assets.xcassets */; };
		B77B7D1F299C256B00BF39F3 /* AddAccountView.swift in Sources */ = {isa = PBXBuildFile; fileRef = B77B7D1E299C256B00BF39F3 /* AddAccountView.swift */; };
		B77B7D21299C25FB00BF39F3 /* AddAccountViewModel.swift in Sources */ = {isa = PBXBuildFile; fileRef = B77B7D20299C25FB00BF39F3 /* AddAccountViewModel.swift */; };
		B77B7D23299C402E00BF39F3 /* AccountsView.swift in Sources */ = {isa = PBXBuildFile; fileRef = B77B7D22299C402E00BF39F3 /* AccountsView.swift */; };
		B784DE782999718B0065A91E /* GoogleService-Info.plist in Resources */ = {isa = PBXBuildFile; fileRef = B784DE772999718B0065A91E /* GoogleService-Info.plist */; };
		B7A491E8299AE30E004C6E94 /* AddAccountItemView.swift in Sources */ = {isa = PBXBuildFile; fileRef = B7A491E7299AE30E004C6E94 /* AddAccountItemView.swift */; };
		B7A491EA299AE628004C6E94 /* AddAccountItemViewModel.swift in Sources */ = {isa = PBXBuildFile; fileRef = B7A491E9299AE628004C6E94 /* AddAccountItemViewModel.swift */; };
		B7CC5708299D8DE100FE3B29 /* AccountsViewModel.swift in Sources */ = {isa = PBXBuildFile; fileRef = B7CC5707299D8DE100FE3B29 /* AccountsViewModel.swift */; };
		B7EC4145299972CC000FE6CE /* FirebaseAuth in Frameworks */ = {isa = PBXBuildFile; productRef = B7EC4144299972CC000FE6CE /* FirebaseAuth */; };
		B7EC4147299972CC000FE6CE /* FirebaseFirestore in Frameworks */ = {isa = PBXBuildFile; productRef = B7EC4146299972CC000FE6CE /* FirebaseFirestore */; };
		B7EC4149299972CC000FE6CE /* FirebaseFirestoreSwift in Frameworks */ = {isa = PBXBuildFile; productRef = B7EC4148299972CC000FE6CE /* FirebaseFirestoreSwift */; };
		B7EC41502999742E000FE6CE /* Account.swift in Sources */ = {isa = PBXBuildFile; fileRef = B7EC414F2999742E000FE6CE /* Account.swift */; };
		B7EC41522999743D000FE6CE /* AccountItem.swift in Sources */ = {isa = PBXBuildFile; fileRef = B7EC41512999743D000FE6CE /* AccountItem.swift */; };
		B7EC41582999747F000FE6CE /* HomeViewModel.swift in Sources */ = {isa = PBXBuildFile; fileRef = B7EC41572999747F000FE6CE /* HomeViewModel.swift */; };
		B7EC415A2999749F000FE6CE /* LoginViewModel.swift in Sources */ = {isa = PBXBuildFile; fileRef = B7EC41592999749F000FE6CE /* LoginViewModel.swift */; };
		B7EC415C299974F8000FE6CE /* LoginView.swift in Sources */ = {isa = PBXBuildFile; fileRef = B7EC415B299974F8000FE6CE /* LoginView.swift */; };
		B7EC416029997A47000FE6CE /* Color.swift in Sources */ = {isa = PBXBuildFile; fileRef = B7EC415F29997A47000FE6CE /* Color.swift */; };
/* End PBXBuildFile section */

/* Begin PBXFileReference section */
		B71A73E329AB913600E9F3B6 /* BudgetViewModel.swift */ = {isa = PBXFileReference; lastKnownFileType = sourcecode.swift; path = BudgetViewModel.swift; sourceTree = "<group>"; };
		B72D65C5299981DE0030FBF2 /* HistoryView.swift */ = {isa = PBXFileReference; lastKnownFileType = sourcecode.swift; path = HistoryView.swift; sourceTree = "<group>"; };
		B72D65C7299982150030FBF2 /* HistoryViewModel.swift */ = {isa = PBXFileReference; lastKnownFileType = sourcecode.swift; path = HistoryViewModel.swift; sourceTree = "<group>"; };
		B72E96C7299D8380002EA4A5 /* Budget.swift */ = {isa = PBXFileReference; lastKnownFileType = sourcecode.swift; path = Budget.swift; sourceTree = "<group>"; };
		B7405360299971460064AF36 /* Funds.app */ = {isa = PBXFileReference; explicitFileType = wrapper.application; includeInIndex = 0; path = Funds.app; sourceTree = BUILT_PRODUCTS_DIR; };
		B7405363299971460064AF36 /* FundsApp.swift */ = {isa = PBXFileReference; lastKnownFileType = sourcecode.swift; path = FundsApp.swift; sourceTree = "<group>"; };
		B7405365299971460064AF36 /* HomeView.swift */ = {isa = PBXFileReference; lastKnownFileType = sourcecode.swift; path = HomeView.swift; sourceTree = "<group>"; };
		B7405367299971470064AF36 /* Assets.xcassets */ = {isa = PBXFileReference; lastKnownFileType = folder.assetcatalog; path = Assets.xcassets; sourceTree = "<group>"; };
		B740536A299971470064AF36 /* Preview Assets.xcassets */ = {isa = PBXFileReference; lastKnownFileType = folder.assetcatalog; path = "Preview Assets.xcassets"; sourceTree = "<group>"; };
		B77B7D1E299C256B00BF39F3 /* AddAccountView.swift */ = {isa = PBXFileReference; lastKnownFileType = sourcecode.swift; path = AddAccountView.swift; sourceTree = "<group>"; };
		B77B7D20299C25FB00BF39F3 /* AddAccountViewModel.swift */ = {isa = PBXFileReference; lastKnownFileType = sourcecode.swift; path = AddAccountViewModel.swift; sourceTree = "<group>"; };
		B77B7D22299C402E00BF39F3 /* AccountsView.swift */ = {isa = PBXFileReference; lastKnownFileType = sourcecode.swift; path = AccountsView.swift; sourceTree = "<group>"; };
		B784DE772999718B0065A91E /* GoogleService-Info.plist */ = {isa = PBXFileReference; fileEncoding = 4; lastKnownFileType = text.plist.xml; path = "GoogleService-Info.plist"; sourceTree = "<group>"; };
		B784DE79299971AA0065A91E /* Info.plist */ = {isa = PBXFileReference; lastKnownFileType = text.plist; path = Info.plist; sourceTree = "<group>"; };
		B7A491E7299AE30E004C6E94 /* AddAccountItemView.swift */ = {isa = PBXFileReference; lastKnownFileType = sourcecode.swift; path = AddAccountItemView.swift; sourceTree = "<group>"; };
		B7A491E9299AE628004C6E94 /* AddAccountItemViewModel.swift */ = {isa = PBXFileReference; lastKnownFileType = sourcecode.swift; path = AddAccountItemViewModel.swift; sourceTree = "<group>"; };
		B7CC5707299D8DE100FE3B29 /* AccountsViewModel.swift */ = {isa = PBXFileReference; lastKnownFileType = sourcecode.swift; path = AccountsViewModel.swift; sourceTree = "<group>"; };
		B7EC414F2999742E000FE6CE /* Account.swift */ = {isa = PBXFileReference; lastKnownFileType = sourcecode.swift; path = Account.swift; sourceTree = "<group>"; };
		B7EC41512999743D000FE6CE /* AccountItem.swift */ = {isa = PBXFileReference; lastKnownFileType = sourcecode.swift; path = AccountItem.swift; sourceTree = "<group>"; };
		B7EC41572999747F000FE6CE /* HomeViewModel.swift */ = {isa = PBXFileReference; lastKnownFileType = sourcecode.swift; path = HomeViewModel.swift; sourceTree = "<group>"; };
		B7EC41592999749F000FE6CE /* LoginViewModel.swift */ = {isa = PBXFileReference; lastKnownFileType = sourcecode.swift; path = LoginViewModel.swift; sourceTree = "<group>"; };
		B7EC415B299974F8000FE6CE /* LoginView.swift */ = {isa = PBXFileReference; lastKnownFileType = sourcecode.swift; path = LoginView.swift; sourceTree = "<group>"; };
		B7EC415F29997A47000FE6CE /* Color.swift */ = {isa = PBXFileReference; lastKnownFileType = sourcecode.swift; path = Color.swift; sourceTree = "<group>"; };
/* End PBXFileReference section */

/* Begin PBXFrameworksBuildPhase section */
		B740535D299971460064AF36 /* Frameworks */ = {
			isa = PBXFrameworksBuildPhase;
			buildActionMask = 2147483647;
			files = (
				B7EC4145299972CC000FE6CE /* FirebaseAuth in Frameworks */,
				B7EC4147299972CC000FE6CE /* FirebaseFirestore in Frameworks */,
				B7EC4149299972CC000FE6CE /* FirebaseFirestoreSwift in Frameworks */,
			);
			runOnlyForDeploymentPostprocessing = 0;
		};
/* End PBXFrameworksBuildPhase section */

/* Begin PBXGroup section */
		B71A73E229AB8E6A00E9F3B6 /* Managers */ = {
			isa = PBXGroup;
			children = (
			);
			path = Managers;
			sourceTree = "<group>";
		};
		B7405357299971460064AF36 = {
			isa = PBXGroup;
			children = (
				B7405362299971460064AF36 /* Funds */,
				B7405361299971460064AF36 /* Products */,
			);
			sourceTree = "<group>";
		};
		B7405361299971460064AF36 /* Products */ = {
			isa = PBXGroup;
			children = (
				B7405360299971460064AF36 /* Funds.app */,
			);
			name = Products;
			sourceTree = "<group>";
		};
		B7405362299971460064AF36 /* Funds */ = {
			isa = PBXGroup;
			children = (
				B7405363299971460064AF36 /* FundsApp.swift */,
				B7EC414A299973D1000FE6CE /* Extensions */,
				B71A73E229AB8E6A00E9F3B6 /* Managers */,
				B7EC414C299973E1000FE6CE /* Models */,
				B7EC414D299973E6000FE6CE /* ViewModels */,
				B7EC414E299973EB000FE6CE /* Views */,
				B7405367299971470064AF36 /* Assets.xcassets */,
				B784DE772999718B0065A91E /* GoogleService-Info.plist */,
				B784DE79299971AA0065A91E /* Info.plist */,
				B7405369299971470064AF36 /* Preview Content */,
			);
			path = Funds;
			sourceTree = "<group>";
		};
		B7405369299971470064AF36 /* Preview Content */ = {
			isa = PBXGroup;
			children = (
				B740536A299971470064AF36 /* Preview Assets.xcassets */,
			);
			path = "Preview Content";
			sourceTree = "<group>";
		};
		B7EC414A299973D1000FE6CE /* Extensions */ = {
			isa = PBXGroup;
			children = (
				B7EC415F29997A47000FE6CE /* Color.swift */,
			);
			path = Extensions;
			sourceTree = "<group>";
		};
		B7EC414C299973E1000FE6CE /* Models */ = {
			isa = PBXGroup;
			children = (
				B7EC414F2999742E000FE6CE /* Account.swift */,
				B7EC41512999743D000FE6CE /* AccountItem.swift */,
				B72E96C7299D8380002EA4A5 /* Budget.swift */,
			);
			path = Models;
			sourceTree = "<group>";
		};
		B7EC414D299973E6000FE6CE /* ViewModels */ = {
			isa = PBXGroup;
			children = (
				B7CC5707299D8DE100FE3B29 /* AccountsViewModel.swift */,
				B77B7D20299C25FB00BF39F3 /* AddAccountViewModel.swift */,
				B7A491E9299AE628004C6E94 /* AddAccountItemViewModel.swift */,
				B71A73E329AB913600E9F3B6 /* BudgetViewModel.swift */,
				B72D65C7299982150030FBF2 /* HistoryViewModel.swift */,
				B7EC41572999747F000FE6CE /* HomeViewModel.swift */,
				B7EC41592999749F000FE6CE /* LoginViewModel.swift */,
			);
			path = ViewModels;
			sourceTree = "<group>";
		};
		B7EC414E299973EB000FE6CE /* Views */ = {
			isa = PBXGroup;
			children = (
				B77B7D22299C402E00BF39F3 /* AccountsView.swift */,
				B77B7D1E299C256B00BF39F3 /* AddAccountView.swift */,
				B7A491E7299AE30E004C6E94 /* AddAccountItemView.swift */,
				B72D65C5299981DE0030FBF2 /* HistoryView.swift */,
				B7405365299971460064AF36 /* HomeView.swift */,
				B7EC415B299974F8000FE6CE /* LoginView.swift */,
			);
			path = Views;
			sourceTree = "<group>";
		};
/* End PBXGroup section */

/* Begin PBXNativeTarget section */
		B740535F299971460064AF36 /* Funds */ = {
			isa = PBXNativeTarget;
			buildConfigurationList = B740536E299971470064AF36 /* Build configuration list for PBXNativeTarget "Funds" */;
			buildPhases = (
				B740535C299971460064AF36 /* Sources */,
				B740535D299971460064AF36 /* Frameworks */,
				B740535E299971460064AF36 /* Resources */,
				B7A53DA029B2A32600EF855F /* ShellScript */,
			);
			buildRules = (
			);
			dependencies = (
			);
			name = Funds;
			packageProductDependencies = (
				B7EC4144299972CC000FE6CE /* FirebaseAuth */,
				B7EC4146299972CC000FE6CE /* FirebaseFirestore */,
				B7EC4148299972CC000FE6CE /* FirebaseFirestoreSwift */,
			);
			productName = Funds;
			productReference = B7405360299971460064AF36 /* Funds.app */;
			productType = "com.apple.product-type.application";
		};
/* End PBXNativeTarget section */

/* Begin PBXProject section */
		B7405358299971460064AF36 /* Project object */ = {
			isa = PBXProject;
			attributes = {
				BuildIndependentTargetsInParallel = 1;
				LastSwiftUpdateCheck = 1420;
				LastUpgradeCheck = 1420;
				TargetAttributes = {
					B740535F299971460064AF36 = {
						CreatedOnToolsVersion = 14.2;
					};
				};
			};
			buildConfigurationList = B740535B299971460064AF36 /* Build configuration list for PBXProject "Funds" */;
			compatibilityVersion = "Xcode 14.0";
			developmentRegion = en;
			hasScannedForEncodings = 0;
			knownRegions = (
				en,
				Base,
			);
			mainGroup = B7405357299971460064AF36;
			packageReferences = (
				B7EC4143299972CC000FE6CE /* XCRemoteSwiftPackageReference "firebase-ios-sdk" */,
			);
			productRefGroup = B7405361299971460064AF36 /* Products */;
			projectDirPath = "";
			projectRoot = "";
			targets = (
				B740535F299971460064AF36 /* Funds */,
			);
		};
/* End PBXProject section */

/* Begin PBXResourcesBuildPhase section */
		B740535E299971460064AF36 /* Resources */ = {
			isa = PBXResourcesBuildPhase;
			buildActionMask = 2147483647;
			files = (
				B740536B299971470064AF36 /* Preview Assets.xcassets in Resources */,
				B7405368299971470064AF36 /* Assets.xcassets in Resources */,
				B784DE782999718B0065A91E /* GoogleService-Info.plist in Resources */,
			);
			runOnlyForDeploymentPostprocessing = 0;
		};
/* End PBXResourcesBuildPhase section */

/* Begin PBXShellScriptBuildPhase section */
		B7A53DA029B2A32600EF855F /* ShellScript */ = {
			isa = PBXShellScriptBuildPhase;
			alwaysOutOfDate = 1;
			buildActionMask = 2147483647;
			files = (
			);
			inputFileListPaths = (
			);
			inputPaths = (
			);
			outputFileListPaths = (
			);
			outputPaths = (
			);
			runOnlyForDeploymentPostprocessing = 0;
			shellPath = /bin/sh;
			shellScript = "# Type a script or drag a script file from your workspace to insert its path.\nexport PATH=\"$PATH:/opt/homebrew/bin\"\n\nif which swiftlint; then\n    swiftlint\nelse\n  echo \"warning: SwiftLint not installed, download from https://github.com/realm/SwiftLint\"\nfi\n";
		};
/* End PBXShellScriptBuildPhase section */

/* Begin PBXSourcesBuildPhase section */
		B740535C299971460064AF36 /* Sources */ = {
			isa = PBXSourcesBuildPhase;
			buildActionMask = 2147483647;
			files = (
				B7EC41522999743D000FE6CE /* AccountItem.swift in Sources */,
				B7EC416029997A47000FE6CE /* Color.swift in Sources */,
				B7CC5708299D8DE100FE3B29 /* AccountsViewModel.swift in Sources */,
				B72E96C8299D8380002EA4A5 /* Budget.swift in Sources */,
				B77B7D23299C402E00BF39F3 /* AccountsView.swift in Sources */,
				B77B7D1F299C256B00BF39F3 /* AddAccountView.swift in Sources */,
				B7405366299971460064AF36 /* HomeView.swift in Sources */,
				B7A491E8299AE30E004C6E94 /* AddAccountItemView.swift in Sources */,
				B7EC41582999747F000FE6CE /* HomeViewModel.swift in Sources */,
				B77B7D21299C25FB00BF39F3 /* AddAccountViewModel.swift in Sources */,
				B7EC415C299974F8000FE6CE /* LoginView.swift in Sources */,
				B72D65C6299981DE0030FBF2 /* HistoryView.swift in Sources */,
				B7405364299971460064AF36 /* FundsApp.swift in Sources */,
				B72D65C8299982150030FBF2 /* HistoryViewModel.swift in Sources */,
				B7EC415A2999749F000FE6CE /* LoginViewModel.swift in Sources */,
				B71A73E429AB913600E9F3B6 /* BudgetViewModel.swift in Sources */,
				B7A491EA299AE628004C6E94 /* AddAccountItemViewModel.swift in Sources */,
				B7EC41502999742E000FE6CE /* Account.swift in Sources */,
			);
			runOnlyForDeploymentPostprocessing = 0;
		};
/* End PBXSourcesBuildPhase section */

/* Begin XCBuildConfiguration section */
		B740536C299971470064AF36 /* Debug */ = {
			isa = XCBuildConfiguration;
			buildSettings = {
				ALWAYS_SEARCH_USER_PATHS = NO;
				CLANG_ANALYZER_NONNULL = YES;
				CLANG_ANALYZER_NUMBER_OBJECT_CONVERSION = YES_AGGRESSIVE;
				CLANG_CXX_LANGUAGE_STANDARD = "gnu++20";
				CLANG_ENABLE_MODULES = YES;
				CLANG_ENABLE_OBJC_ARC = YES;
				CLANG_ENABLE_OBJC_WEAK = YES;
				CLANG_WARN_BLOCK_CAPTURE_AUTORELEASING = YES;
				CLANG_WARN_BOOL_CONVERSION = YES;
				CLANG_WARN_COMMA = YES;
				CLANG_WARN_CONSTANT_CONVERSION = YES;
				CLANG_WARN_DEPRECATED_OBJC_IMPLEMENTATIONS = YES;
				CLANG_WARN_DIRECT_OBJC_ISA_USAGE = YES_ERROR;
				CLANG_WARN_DOCUMENTATION_COMMENTS = YES;
				CLANG_WARN_EMPTY_BODY = YES;
				CLANG_WARN_ENUM_CONVERSION = YES;
				CLANG_WARN_INFINITE_RECURSION = YES;
				CLANG_WARN_INT_CONVERSION = YES;
				CLANG_WARN_NON_LITERAL_NULL_CONVERSION = YES;
				CLANG_WARN_OBJC_IMPLICIT_RETAIN_SELF = YES;
				CLANG_WARN_OBJC_LITERAL_CONVERSION = YES;
				CLANG_WARN_OBJC_ROOT_CLASS = YES_ERROR;
				CLANG_WARN_QUOTED_INCLUDE_IN_FRAMEWORK_HEADER = YES;
				CLANG_WARN_RANGE_LOOP_ANALYSIS = YES;
				CLANG_WARN_STRICT_PROTOTYPES = YES;
				CLANG_WARN_SUSPICIOUS_MOVE = YES;
				CLANG_WARN_UNGUARDED_AVAILABILITY = YES_AGGRESSIVE;
				CLANG_WARN_UNREACHABLE_CODE = YES;
				CLANG_WARN__DUPLICATE_METHOD_MATCH = YES;
				COPY_PHASE_STRIP = NO;
				DEBUG_INFORMATION_FORMAT = dwarf;
				ENABLE_STRICT_OBJC_MSGSEND = YES;
				ENABLE_TESTABILITY = YES;
				GCC_C_LANGUAGE_STANDARD = gnu11;
				GCC_DYNAMIC_NO_PIC = NO;
				GCC_NO_COMMON_BLOCKS = YES;
				GCC_OPTIMIZATION_LEVEL = 0;
				GCC_PREPROCESSOR_DEFINITIONS = (
					"DEBUG=1",
					"$(inherited)",
				);
				GCC_WARN_64_TO_32_BIT_CONVERSION = YES;
				GCC_WARN_ABOUT_RETURN_TYPE = YES_ERROR;
				GCC_WARN_UNDECLARED_SELECTOR = YES;
				GCC_WARN_UNINITIALIZED_AUTOS = YES_AGGRESSIVE;
				GCC_WARN_UNUSED_FUNCTION = YES;
				GCC_WARN_UNUSED_VARIABLE = YES;
				IPHONEOS_DEPLOYMENT_TARGET = 16.2;
				MTL_ENABLE_DEBUG_INFO = INCLUDE_SOURCE;
				MTL_FAST_MATH = YES;
				ONLY_ACTIVE_ARCH = YES;
				SDKROOT = iphoneos;
				SWIFT_ACTIVE_COMPILATION_CONDITIONS = DEBUG;
				SWIFT_OPTIMIZATION_LEVEL = "-Onone";
			};
			name = Debug;
		};
		B740536D299971470064AF36 /* Release */ = {
			isa = XCBuildConfiguration;
			buildSettings = {
				ALWAYS_SEARCH_USER_PATHS = NO;
				CLANG_ANALYZER_NONNULL = YES;
				CLANG_ANALYZER_NUMBER_OBJECT_CONVERSION = YES_AGGRESSIVE;
				CLANG_CXX_LANGUAGE_STANDARD = "gnu++20";
				CLANG_ENABLE_MODULES = YES;
				CLANG_ENABLE_OBJC_ARC = YES;
				CLANG_ENABLE_OBJC_WEAK = YES;
				CLANG_WARN_BLOCK_CAPTURE_AUTORELEASING = YES;
				CLANG_WARN_BOOL_CONVERSION = YES;
				CLANG_WARN_COMMA = YES;
				CLANG_WARN_CONSTANT_CONVERSION = YES;
				CLANG_WARN_DEPRECATED_OBJC_IMPLEMENTATIONS = YES;
				CLANG_WARN_DIRECT_OBJC_ISA_USAGE = YES_ERROR;
				CLANG_WARN_DOCUMENTATION_COMMENTS = YES;
				CLANG_WARN_EMPTY_BODY = YES;
				CLANG_WARN_ENUM_CONVERSION = YES;
				CLANG_WARN_INFINITE_RECURSION = YES;
				CLANG_WARN_INT_CONVERSION = YES;
				CLANG_WARN_NON_LITERAL_NULL_CONVERSION = YES;
				CLANG_WARN_OBJC_IMPLICIT_RETAIN_SELF = YES;
				CLANG_WARN_OBJC_LITERAL_CONVERSION = YES;
				CLANG_WARN_OBJC_ROOT_CLASS = YES_ERROR;
				CLANG_WARN_QUOTED_INCLUDE_IN_FRAMEWORK_HEADER = YES;
				CLANG_WARN_RANGE_LOOP_ANALYSIS = YES;
				CLANG_WARN_STRICT_PROTOTYPES = YES;
				CLANG_WARN_SUSPICIOUS_MOVE = YES;
				CLANG_WARN_UNGUARDED_AVAILABILITY = YES_AGGRESSIVE;
				CLANG_WARN_UNREACHABLE_CODE = YES;
				CLANG_WARN__DUPLICATE_METHOD_MATCH = YES;
				COPY_PHASE_STRIP = NO;
				DEBUG_INFORMATION_FORMAT = "dwarf-with-dsym";
				ENABLE_NS_ASSERTIONS = NO;
				ENABLE_STRICT_OBJC_MSGSEND = YES;
				GCC_C_LANGUAGE_STANDARD = gnu11;
				GCC_NO_COMMON_BLOCKS = YES;
				GCC_WARN_64_TO_32_BIT_CONVERSION = YES;
				GCC_WARN_ABOUT_RETURN_TYPE = YES_ERROR;
				GCC_WARN_UNDECLARED_SELECTOR = YES;
				GCC_WARN_UNINITIALIZED_AUTOS = YES_AGGRESSIVE;
				GCC_WARN_UNUSED_FUNCTION = YES;
				GCC_WARN_UNUSED_VARIABLE = YES;
				IPHONEOS_DEPLOYMENT_TARGET = 16.2;
				MTL_ENABLE_DEBUG_INFO = NO;
				MTL_FAST_MATH = YES;
				SDKROOT = iphoneos;
				SWIFT_COMPILATION_MODE = wholemodule;
				SWIFT_OPTIMIZATION_LEVEL = "-O";
				VALIDATE_PRODUCT = YES;
			};
			name = Release;
		};
		B740536F299971470064AF36 /* Debug */ = {
			isa = XCBuildConfiguration;
			buildSettings = {
				ASSETCATALOG_COMPILER_APPICON_NAME = AppIcon;
				ASSETCATALOG_COMPILER_GLOBAL_ACCENT_COLOR_NAME = AccentColor;
				CODE_SIGN_STYLE = Automatic;
				CURRENT_PROJECT_VERSION = 1;
				DEVELOPMENT_ASSET_PATHS = "\"Funds/Preview Content\"";
				DEVELOPMENT_TEAM = 854V78MWGF;
				ENABLE_PREVIEWS = YES;
				GENERATE_INFOPLIST_FILE = YES;
				INFOPLIST_FILE = Funds/Info.plist;
				INFOPLIST_KEY_UIApplicationSceneManifest_Generation = YES;
				INFOPLIST_KEY_UIApplicationSupportsIndirectInputEvents = YES;
				INFOPLIST_KEY_UILaunchScreen_Generation = YES;
				INFOPLIST_KEY_UISupportedInterfaceOrientations_iPad = "UIInterfaceOrientationPortrait UIInterfaceOrientationPortraitUpsideDown UIInterfaceOrientationLandscapeLeft UIInterfaceOrientationLandscapeRight";
				INFOPLIST_KEY_UISupportedInterfaceOrientations_iPhone = "UIInterfaceOrientationPortrait UIInterfaceOrientationLandscapeLeft UIInterfaceOrientationLandscapeRight";
				LD_RUNPATH_SEARCH_PATHS = (
					"$(inherited)",
					"@executable_path/Frameworks",
				);
				MARKETING_VERSION = 1.0;
				PRODUCT_BUNDLE_IDENTIFIER = io.jakequinter.Funds;
				PRODUCT_NAME = "$(TARGET_NAME)";
				SWIFT_EMIT_LOC_STRINGS = YES;
				SWIFT_VERSION = 5.0;
				TARGETED_DEVICE_FAMILY = "1,2";
			};
			name = Debug;
		};
		B7405370299971470064AF36 /* Release */ = {
			isa = XCBuildConfiguration;
			buildSettings = {
				ASSETCATALOG_COMPILER_APPICON_NAME = AppIcon;
				ASSETCATALOG_COMPILER_GLOBAL_ACCENT_COLOR_NAME = AccentColor;
				CODE_SIGN_STYLE = Automatic;
				CURRENT_PROJECT_VERSION = 1;
				DEVELOPMENT_ASSET_PATHS = "\"Funds/Preview Content\"";
				DEVELOPMENT_TEAM = 854V78MWGF;
				ENABLE_PREVIEWS = YES;
				GENERATE_INFOPLIST_FILE = YES;
				INFOPLIST_FILE = Funds/Info.plist;
				INFOPLIST_KEY_UIApplicationSceneManifest_Generation = YES;
				INFOPLIST_KEY_UIApplicationSupportsIndirectInputEvents = YES;
				INFOPLIST_KEY_UILaunchScreen_Generation = YES;
				INFOPLIST_KEY_UISupportedInterfaceOrientations_iPad = "UIInterfaceOrientationPortrait UIInterfaceOrientationPortraitUpsideDown UIInterfaceOrientationLandscapeLeft UIInterfaceOrientationLandscapeRight";
				INFOPLIST_KEY_UISupportedInterfaceOrientations_iPhone = "UIInterfaceOrientationPortrait UIInterfaceOrientationLandscapeLeft UIInterfaceOrientationLandscapeRight";
				LD_RUNPATH_SEARCH_PATHS = (
					"$(inherited)",
					"@executable_path/Frameworks",
				);
				MARKETING_VERSION = 1.0;
				PRODUCT_BUNDLE_IDENTIFIER = io.jakequinter.Funds;
				PRODUCT_NAME = "$(TARGET_NAME)";
				SWIFT_EMIT_LOC_STRINGS = YES;
				SWIFT_VERSION = 5.0;
				TARGETED_DEVICE_FAMILY = "1,2";
			};
			name = Release;
		};
/* End XCBuildConfiguration section */

/* Begin XCConfigurationList section */
		B740535B299971460064AF36 /* Build configuration list for PBXProject "Funds" */ = {
			isa = XCConfigurationList;
			buildConfigurations = (
				B740536C299971470064AF36 /* Debug */,
				B740536D299971470064AF36 /* Release */,
			);
			defaultConfigurationIsVisible = 0;
			defaultConfigurationName = Release;
		};
		B740536E299971470064AF36 /* Build configuration list for PBXNativeTarget "Funds" */ = {
			isa = XCConfigurationList;
			buildConfigurations = (
				B740536F299971470064AF36 /* Debug */,
				B7405370299971470064AF36 /* Release */,
			);
			defaultConfigurationIsVisible = 0;
			defaultConfigurationName = Release;
		};
/* End XCConfigurationList section */

/* Begin XCRemoteSwiftPackageReference section */
		B7EC4143299972CC000FE6CE /* XCRemoteSwiftPackageReference "firebase-ios-sdk" */ = {
			isa = XCRemoteSwiftPackageReference;
			repositoryURL = "https://github.com/firebase/firebase-ios-sdk";
			requirement = {
				kind = upToNextMajorVersion;
				minimumVersion = 9.0.0;
			};
		};
/* End XCRemoteSwiftPackageReference section */

/* Begin XCSwiftPackageProductDependency section */
		B7EC4144299972CC000FE6CE /* FirebaseAuth */ = {
			isa = XCSwiftPackageProductDependency;
			package = B7EC4143299972CC000FE6CE /* XCRemoteSwiftPackageReference "firebase-ios-sdk" */;
			productName = FirebaseAuth;
		};
		B7EC4146299972CC000FE6CE /* FirebaseFirestore */ = {
			isa = XCSwiftPackageProductDependency;
			package = B7EC4143299972CC000FE6CE /* XCRemoteSwiftPackageReference "firebase-ios-sdk" */;
			productName = FirebaseFirestore;
		};
		B7EC4148299972CC000FE6CE /* FirebaseFirestoreSwift */ = {
			isa = XCSwiftPackageProductDependency;
			package = B7EC4143299972CC000FE6CE /* XCRemoteSwiftPackageReference "firebase-ios-sdk" */;
			productName = FirebaseFirestoreSwift;
		};
/* End XCSwiftPackageProductDependency section */
	};
	rootObject = B7405358299971460064AF36 /* Project object */;
}
