// !$*UTF8*$!
{
	archiveVersion = 1;
	classes = {
	};
	objectVersion = 56;
	objects = {

/* Begin PBXBuildFile section */
		B738D2FB298DAC9C002E4D22 /* FundsApp.swift in Sources */ = {isa = PBXBuildFile; fileRef = B738D2FA298DAC9C002E4D22 /* FundsApp.swift */; };
		B738D2FD298DAC9C002E4D22 /* ContentView.swift in Sources */ = {isa = PBXBuildFile; fileRef = B738D2FC298DAC9C002E4D22 /* ContentView.swift */; };
		B738D2FF298DAC9D002E4D22 /* Assets.xcassets in Resources */ = {isa = PBXBuildFile; fileRef = B738D2FE298DAC9D002E4D22 /* Assets.xcassets */; };
		B738D302298DAC9D002E4D22 /* Preview Assets.xcassets in Resources */ = {isa = PBXBuildFile; fileRef = B738D301298DAC9D002E4D22 /* Preview Assets.xcassets */; };
		B738D30A298DACB5002E4D22 /* GoogleService-Info.plist in Resources */ = {isa = PBXBuildFile; fileRef = B738D309298DACB5002E4D22 /* GoogleService-Info.plist */; };
		B7792E452994603900426535 /* Month.swift in Sources */ = {isa = PBXBuildFile; fileRef = B7792E442994603900426535 /* Month.swift */; };
		B7888A92298DBE32007EB248 /* Year.swift in Sources */ = {isa = PBXBuildFile; fileRef = B7888A91298DBE32007EB248 /* Year.swift */; };
		B7888A95298DBEA3007EB248 /* FirestoreManager.swift in Sources */ = {isa = PBXBuildFile; fileRef = B7888A94298DBEA3007EB248 /* FirestoreManager.swift */; };
		B7888A98298DBEDE007EB248 /* FirebaseFirestoreSwift in Frameworks */ = {isa = PBXBuildFile; productRef = B7888A97298DBEDE007EB248 /* FirebaseFirestoreSwift */; };
		B79C14FA298DB1FD00978C9F /* FirebaseAuth in Frameworks */ = {isa = PBXBuildFile; productRef = B79C14F9298DB1FD00978C9F /* FirebaseAuth */; };
		B7F26C962992F908005DFE88 /* LoginViewModel.swift in Sources */ = {isa = PBXBuildFile; fileRef = B7F26C952992F908005DFE88 /* LoginViewModel.swift */; };
		B7F26C982992F9A4005DFE88 /* LoginView.swift in Sources */ = {isa = PBXBuildFile; fileRef = B7F26C972992F9A4005DFE88 /* LoginView.swift */; };
		B7F26C9A29930D68005DFE88 /* ContentViewModel.swift in Sources */ = {isa = PBXBuildFile; fileRef = B7F26C9929930D68005DFE88 /* ContentViewModel.swift */; };
/* End PBXBuildFile section */

/* Begin PBXFileReference section */
		B738D2F7298DAC9C002E4D22 /* Funds.app */ = {isa = PBXFileReference; explicitFileType = wrapper.application; includeInIndex = 0; path = Funds.app; sourceTree = BUILT_PRODUCTS_DIR; };
		B738D2FA298DAC9C002E4D22 /* FundsApp.swift */ = {isa = PBXFileReference; lastKnownFileType = sourcecode.swift; path = FundsApp.swift; sourceTree = "<group>"; };
		B738D2FC298DAC9C002E4D22 /* ContentView.swift */ = {isa = PBXFileReference; lastKnownFileType = sourcecode.swift; path = ContentView.swift; sourceTree = "<group>"; };
		B738D2FE298DAC9D002E4D22 /* Assets.xcassets */ = {isa = PBXFileReference; lastKnownFileType = folder.assetcatalog; path = Assets.xcassets; sourceTree = "<group>"; };
		B738D301298DAC9D002E4D22 /* Preview Assets.xcassets */ = {isa = PBXFileReference; lastKnownFileType = folder.assetcatalog; path = "Preview Assets.xcassets"; sourceTree = "<group>"; };
		B738D303298DAC9D002E4D22 /* Funds.entitlements */ = {isa = PBXFileReference; lastKnownFileType = text.plist.entitlements; path = Funds.entitlements; sourceTree = "<group>"; };
		B738D309298DACB5002E4D22 /* GoogleService-Info.plist */ = {isa = PBXFileReference; fileEncoding = 4; lastKnownFileType = text.plist.xml; path = "GoogleService-Info.plist"; sourceTree = "<group>"; };
		B7792E442994603900426535 /* Month.swift */ = {isa = PBXFileReference; lastKnownFileType = sourcecode.swift; path = Month.swift; sourceTree = "<group>"; };
		B787C559298DB910003BBECD /* Info.plist */ = {isa = PBXFileReference; lastKnownFileType = text.plist; path = Info.plist; sourceTree = "<group>"; };
		B7888A91298DBE32007EB248 /* Year.swift */ = {isa = PBXFileReference; lastKnownFileType = sourcecode.swift; path = Year.swift; sourceTree = "<group>"; };
		B7888A94298DBEA3007EB248 /* FirestoreManager.swift */ = {isa = PBXFileReference; lastKnownFileType = sourcecode.swift; path = FirestoreManager.swift; sourceTree = "<group>"; };
		B7F26C952992F908005DFE88 /* LoginViewModel.swift */ = {isa = PBXFileReference; lastKnownFileType = sourcecode.swift; path = LoginViewModel.swift; sourceTree = "<group>"; };
		B7F26C972992F9A4005DFE88 /* LoginView.swift */ = {isa = PBXFileReference; lastKnownFileType = sourcecode.swift; path = LoginView.swift; sourceTree = "<group>"; };
		B7F26C9929930D68005DFE88 /* ContentViewModel.swift */ = {isa = PBXFileReference; lastKnownFileType = sourcecode.swift; path = ContentViewModel.swift; sourceTree = "<group>"; };
/* End PBXFileReference section */

/* Begin PBXFrameworksBuildPhase section */
		B738D2F4298DAC9C002E4D22 /* Frameworks */ = {
			isa = PBXFrameworksBuildPhase;
			buildActionMask = 2147483647;
			files = (
				B79C14FA298DB1FD00978C9F /* FirebaseAuth in Frameworks */,
				B7888A98298DBEDE007EB248 /* FirebaseFirestoreSwift in Frameworks */,
			);
			runOnlyForDeploymentPostprocessing = 0;
		};
/* End PBXFrameworksBuildPhase section */

/* Begin PBXGroup section */
		B738D2EE298DAC9C002E4D22 = {
			isa = PBXGroup;
			children = (
				B738D2F9298DAC9C002E4D22 /* Funds */,
				B738D2F8298DAC9C002E4D22 /* Products */,
				B7888A96298DBEDE007EB248 /* Frameworks */,
			);
			sourceTree = "<group>";
		};
		B738D2F8298DAC9C002E4D22 /* Products */ = {
			isa = PBXGroup;
			children = (
				B738D2F7298DAC9C002E4D22 /* Funds.app */,
			);
			name = Products;
			sourceTree = "<group>";
		};
		B738D2F9298DAC9C002E4D22 /* Funds */ = {
			isa = PBXGroup;
			children = (
				B738D2FA298DAC9C002E4D22 /* FundsApp.swift */,
				B7888A93298DBE8A007EB248 /* Managers */,
				B787C55A298DB9CB003BBECD /* Models */,
				B787C55C298DB9DF003BBECD /* ViewModels */,
				B787C55B298DB9DB003BBECD /* Views */,
				B738D2FE298DAC9D002E4D22 /* Assets.xcassets */,
				B738D309298DACB5002E4D22 /* GoogleService-Info.plist */,
				B787C559298DB910003BBECD /* Info.plist */,
				B738D303298DAC9D002E4D22 /* Funds.entitlements */,
				B738D300298DAC9D002E4D22 /* Preview Content */,
			);
			path = Funds;
			sourceTree = "<group>";
		};
		B738D300298DAC9D002E4D22 /* Preview Content */ = {
			isa = PBXGroup;
			children = (
				B738D301298DAC9D002E4D22 /* Preview Assets.xcassets */,
			);
			path = "Preview Content";
			sourceTree = "<group>";
		};
		B787C55A298DB9CB003BBECD /* Models */ = {
			isa = PBXGroup;
			children = (
				B7888A91298DBE32007EB248 /* Year.swift */,
				B7792E442994603900426535 /* Month.swift */,
			);
			path = Models;
			sourceTree = "<group>";
		};
		B787C55B298DB9DB003BBECD /* Views */ = {
			isa = PBXGroup;
			children = (
				B738D2FC298DAC9C002E4D22 /* ContentView.swift */,
				B7F26C972992F9A4005DFE88 /* LoginView.swift */,
			);
			path = Views;
			sourceTree = "<group>";
		};
		B787C55C298DB9DF003BBECD /* ViewModels */ = {
			isa = PBXGroup;
			children = (
				B7F26C952992F908005DFE88 /* LoginViewModel.swift */,
				B7F26C9929930D68005DFE88 /* ContentViewModel.swift */,
			);
			path = ViewModels;
			sourceTree = "<group>";
		};
		B7888A93298DBE8A007EB248 /* Managers */ = {
			isa = PBXGroup;
			children = (
				B7888A94298DBEA3007EB248 /* FirestoreManager.swift */,
			);
			path = Managers;
			sourceTree = "<group>";
		};
		B7888A96298DBEDE007EB248 /* Frameworks */ = {
			isa = PBXGroup;
			children = (
			);
			name = Frameworks;
			sourceTree = "<group>";
		};
/* End PBXGroup section */

/* Begin PBXNativeTarget section */
		B738D2F6298DAC9C002E4D22 /* Funds */ = {
			isa = PBXNativeTarget;
			buildConfigurationList = B738D306298DAC9D002E4D22 /* Build configuration list for PBXNativeTarget "Funds" */;
			buildPhases = (
				B738D2F3298DAC9C002E4D22 /* Sources */,
				B738D2F4298DAC9C002E4D22 /* Frameworks */,
				B738D2F5298DAC9C002E4D22 /* Resources */,
			);
			buildRules = (
			);
			dependencies = (
			);
			name = Funds;
			packageProductDependencies = (
				B79C14F9298DB1FD00978C9F /* FirebaseAuth */,
				B7888A97298DBEDE007EB248 /* FirebaseFirestoreSwift */,
			);
			productName = Funds;
			productReference = B738D2F7298DAC9C002E4D22 /* Funds.app */;
			productType = "com.apple.product-type.application";
		};
/* End PBXNativeTarget section */

/* Begin PBXProject section */
		B738D2EF298DAC9C002E4D22 /* Project object */ = {
			isa = PBXProject;
			attributes = {
				BuildIndependentTargetsInParallel = 1;
				LastSwiftUpdateCheck = 1420;
				LastUpgradeCheck = 1420;
				TargetAttributes = {
					B738D2F6298DAC9C002E4D22 = {
						CreatedOnToolsVersion = 14.2;
					};
				};
			};
			buildConfigurationList = B738D2F2298DAC9C002E4D22 /* Build configuration list for PBXProject "Funds" */;
			compatibilityVersion = "Xcode 14.0";
			developmentRegion = en;
			hasScannedForEncodings = 0;
			knownRegions = (
				en,
				Base,
			);
			mainGroup = B738D2EE298DAC9C002E4D22;
			packageReferences = (
				B79C14F6298DB1FD00978C9F /* XCRemoteSwiftPackageReference "firebase-ios-sdk" */,
			);
			productRefGroup = B738D2F8298DAC9C002E4D22 /* Products */;
			projectDirPath = "";
			projectRoot = "";
			targets = (
				B738D2F6298DAC9C002E4D22 /* Funds */,
			);
		};
/* End PBXProject section */

/* Begin PBXResourcesBuildPhase section */
		B738D2F5298DAC9C002E4D22 /* Resources */ = {
			isa = PBXResourcesBuildPhase;
			buildActionMask = 2147483647;
			files = (
				B738D302298DAC9D002E4D22 /* Preview Assets.xcassets in Resources */,
				B738D2FF298DAC9D002E4D22 /* Assets.xcassets in Resources */,
				B738D30A298DACB5002E4D22 /* GoogleService-Info.plist in Resources */,
			);
			runOnlyForDeploymentPostprocessing = 0;
		};
/* End PBXResourcesBuildPhase section */

/* Begin PBXSourcesBuildPhase section */
		B738D2F3298DAC9C002E4D22 /* Sources */ = {
			isa = PBXSourcesBuildPhase;
			buildActionMask = 2147483647;
			files = (
				B7F26C982992F9A4005DFE88 /* LoginView.swift in Sources */,
				B738D2FD298DAC9C002E4D22 /* ContentView.swift in Sources */,
				B7888A92298DBE32007EB248 /* Year.swift in Sources */,
				B7F26C9A29930D68005DFE88 /* ContentViewModel.swift in Sources */,
				B7792E452994603900426535 /* Month.swift in Sources */,
				B738D2FB298DAC9C002E4D22 /* FundsApp.swift in Sources */,
				B7F26C962992F908005DFE88 /* LoginViewModel.swift in Sources */,
				B7888A95298DBEA3007EB248 /* FirestoreManager.swift in Sources */,
			);
			runOnlyForDeploymentPostprocessing = 0;
		};
/* End PBXSourcesBuildPhase section */

/* Begin XCBuildConfiguration section */
		B738D304298DAC9D002E4D22 /* Debug */ = {
			isa = XCBuildConfiguration;
			buildSettings = {
				ALWAYS_SEARCH_USER_PATHS = NO;
				CLANG_ANALYZER_NONNULL = YES;
				CLANG_ANALYZER_NUMBER_OBJECT_CONVERSION = YES_AGGRESSIVE;
				CLANG_CXX_LANGUAGE_STANDARD = "gnu++20";
				CLANG_ENABLE_MODULES = YES;
				CLANG_ENABLE_OBJC_ARC = YES;
				CLANG_ENABLE_OBJC_WEAK = YES;
				CLANG_WARN_BLOCK_CAPTURE_AUTORELEASING = YES;
				CLANG_WARN_BOOL_CONVERSION = YES;
				CLANG_WARN_COMMA = YES;
				CLANG_WARN_CONSTANT_CONVERSION = YES;
				CLANG_WARN_DEPRECATED_OBJC_IMPLEMENTATIONS = YES;
				CLANG_WARN_DIRECT_OBJC_ISA_USAGE = YES_ERROR;
				CLANG_WARN_DOCUMENTATION_COMMENTS = YES;
				CLANG_WARN_EMPTY_BODY = YES;
				CLANG_WARN_ENUM_CONVERSION = YES;
				CLANG_WARN_INFINITE_RECURSION = YES;
				CLANG_WARN_INT_CONVERSION = YES;
				CLANG_WARN_NON_LITERAL_NULL_CONVERSION = YES;
				CLANG_WARN_OBJC_IMPLICIT_RETAIN_SELF = YES;
				CLANG_WARN_OBJC_LITERAL_CONVERSION = YES;
				CLANG_WARN_OBJC_ROOT_CLASS = YES_ERROR;
				CLANG_WARN_QUOTED_INCLUDE_IN_FRAMEWORK_HEADER = YES;
				CLANG_WARN_RANGE_LOOP_ANALYSIS = YES;
				CLANG_WARN_STRICT_PROTOTYPES = YES;
				CLANG_WARN_SUSPICIOUS_MOVE = YES;
				CLANG_WARN_UNGUARDED_AVAILABILITY = YES_AGGRESSIVE;
				CLANG_WARN_UNREACHABLE_CODE = YES;
				CLANG_WARN__DUPLICATE_METHOD_MATCH = YES;
				COPY_PHASE_STRIP = NO;
				DEBUG_INFORMATION_FORMAT = dwarf;
				ENABLE_STRICT_OBJC_MSGSEND = YES;
				ENABLE_TESTABILITY = YES;
				GCC_C_LANGUAGE_STANDARD = gnu11;
				GCC_DYNAMIC_NO_PIC = NO;
				GCC_NO_COMMON_BLOCKS = YES;
				GCC_OPTIMIZATION_LEVEL = 0;
				GCC_PREPROCESSOR_DEFINITIONS = (
					"DEBUG=1",
					"$(inherited)",
				);
				GCC_WARN_64_TO_32_BIT_CONVERSION = YES;
				GCC_WARN_ABOUT_RETURN_TYPE = YES_ERROR;
				GCC_WARN_UNDECLARED_SELECTOR = YES;
				GCC_WARN_UNINITIALIZED_AUTOS = YES_AGGRESSIVE;
				GCC_WARN_UNUSED_FUNCTION = YES;
				GCC_WARN_UNUSED_VARIABLE = YES;
				MACOSX_DEPLOYMENT_TARGET = 13.1;
				MTL_ENABLE_DEBUG_INFO = INCLUDE_SOURCE;
				MTL_FAST_MATH = YES;
				ONLY_ACTIVE_ARCH = YES;
				SDKROOT = macosx;
				SWIFT_ACTIVE_COMPILATION_CONDITIONS = DEBUG;
				SWIFT_OPTIMIZATION_LEVEL = "-Onone";
			};
			name = Debug;
		};
		B738D305298DAC9D002E4D22 /* Release */ = {
			isa = XCBuildConfiguration;
			buildSettings = {
				ALWAYS_SEARCH_USER_PATHS = NO;
				CLANG_ANALYZER_NONNULL = YES;
				CLANG_ANALYZER_NUMBER_OBJECT_CONVERSION = YES_AGGRESSIVE;
				CLANG_CXX_LANGUAGE_STANDARD = "gnu++20";
				CLANG_ENABLE_MODULES = YES;
				CLANG_ENABLE_OBJC_ARC = YES;
				CLANG_ENABLE_OBJC_WEAK = YES;
				CLANG_WARN_BLOCK_CAPTURE_AUTORELEASING = YES;
				CLANG_WARN_BOOL_CONVERSION = YES;
				CLANG_WARN_COMMA = YES;
				CLANG_WARN_CONSTANT_CONVERSION = YES;
				CLANG_WARN_DEPRECATED_OBJC_IMPLEMENTATIONS = YES;
				CLANG_WARN_DIRECT_OBJC_ISA_USAGE = YES_ERROR;
				CLANG_WARN_DOCUMENTATION_COMMENTS = YES;
				CLANG_WARN_EMPTY_BODY = YES;
				CLANG_WARN_ENUM_CONVERSION = YES;
				CLANG_WARN_INFINITE_RECURSION = YES;
				CLANG_WARN_INT_CONVERSION = YES;
				CLANG_WARN_NON_LITERAL_NULL_CONVERSION = YES;
				CLANG_WARN_OBJC_IMPLICIT_RETAIN_SELF = YES;
				CLANG_WARN_OBJC_LITERAL_CONVERSION = YES;
				CLANG_WARN_OBJC_ROOT_CLASS = YES_ERROR;
				CLANG_WARN_QUOTED_INCLUDE_IN_FRAMEWORK_HEADER = YES;
				CLANG_WARN_RANGE_LOOP_ANALYSIS = YES;
				CLANG_WARN_STRICT_PROTOTYPES = YES;
				CLANG_WARN_SUSPICIOUS_MOVE = YES;
				CLANG_WARN_UNGUARDED_AVAILABILITY = YES_AGGRESSIVE;
				CLANG_WARN_UNREACHABLE_CODE = YES;
				CLANG_WARN__DUPLICATE_METHOD_MATCH = YES;
				COPY_PHASE_STRIP = NO;
				DEBUG_INFORMATION_FORMAT = "dwarf-with-dsym";
				ENABLE_NS_ASSERTIONS = NO;
				ENABLE_STRICT_OBJC_MSGSEND = YES;
				GCC_C_LANGUAGE_STANDARD = gnu11;
				GCC_NO_COMMON_BLOCKS = YES;
				GCC_WARN_64_TO_32_BIT_CONVERSION = YES;
				GCC_WARN_ABOUT_RETURN_TYPE = YES_ERROR;
				GCC_WARN_UNDECLARED_SELECTOR = YES;
				GCC_WARN_UNINITIALIZED_AUTOS = YES_AGGRESSIVE;
				GCC_WARN_UNUSED_FUNCTION = YES;
				GCC_WARN_UNUSED_VARIABLE = YES;
				MACOSX_DEPLOYMENT_TARGET = 13.1;
				MTL_ENABLE_DEBUG_INFO = NO;
				MTL_FAST_MATH = YES;
				SDKROOT = macosx;
				SWIFT_COMPILATION_MODE = wholemodule;
				SWIFT_OPTIMIZATION_LEVEL = "-O";
			};
			name = Release;
		};
		B738D307298DAC9D002E4D22 /* Debug */ = {
			isa = XCBuildConfiguration;
			buildSettings = {
				ASSETCATALOG_COMPILER_APPICON_NAME = AppIcon;
				ASSETCATALOG_COMPILER_GLOBAL_ACCENT_COLOR_NAME = AccentColor;
				CODE_SIGN_ENTITLEMENTS = Funds/Funds.entitlements;
				"CODE_SIGN_IDENTITY[sdk=macosx*]" = "Apple Development";
				CODE_SIGN_STYLE = Automatic;
				COMBINE_HIDPI_IMAGES = YES;
				CURRENT_PROJECT_VERSION = 1;
				DEVELOPMENT_ASSET_PATHS = "\"Funds/Preview Content\"";
				DEVELOPMENT_TEAM = 854V78MWGF;
				ENABLE_HARDENED_RUNTIME = YES;
				ENABLE_PREVIEWS = YES;
				GENERATE_INFOPLIST_FILE = YES;
				INFOPLIST_FILE = Funds/Info.plist;
				INFOPLIST_KEY_NSHumanReadableCopyright = "";
				LD_RUNPATH_SEARCH_PATHS = (
					"$(inherited)",
					"@executable_path/../Frameworks",
				);
				MARKETING_VERSION = 1.0;
				PRODUCT_BUNDLE_IDENTIFIER = io.jakequinter.Funds;
				PRODUCT_NAME = "$(TARGET_NAME)";
				SWIFT_EMIT_LOC_STRINGS = YES;
				SWIFT_VERSION = 5.0;
			};
			name = Debug;
		};
		B738D308298DAC9D002E4D22 /* Release */ = {
			isa = XCBuildConfiguration;
			buildSettings = {
				ASSETCATALOG_COMPILER_APPICON_NAME = AppIcon;
				ASSETCATALOG_COMPILER_GLOBAL_ACCENT_COLOR_NAME = AccentColor;
				CODE_SIGN_ENTITLEMENTS = Funds/Funds.entitlements;
				"CODE_SIGN_IDENTITY[sdk=macosx*]" = "Apple Development";
				CODE_SIGN_STYLE = Automatic;
				COMBINE_HIDPI_IMAGES = YES;
				CURRENT_PROJECT_VERSION = 1;
				DEVELOPMENT_ASSET_PATHS = "\"Funds/Preview Content\"";
				DEVELOPMENT_TEAM = 854V78MWGF;
				ENABLE_HARDENED_RUNTIME = YES;
				ENABLE_PREVIEWS = YES;
				GENERATE_INFOPLIST_FILE = YES;
				INFOPLIST_FILE = Funds/Info.plist;
				INFOPLIST_KEY_NSHumanReadableCopyright = "";
				LD_RUNPATH_SEARCH_PATHS = (
					"$(inherited)",
					"@executable_path/../Frameworks",
				);
				MARKETING_VERSION = 1.0;
				PRODUCT_BUNDLE_IDENTIFIER = io.jakequinter.Funds;
				PRODUCT_NAME = "$(TARGET_NAME)";
				SWIFT_EMIT_LOC_STRINGS = YES;
				SWIFT_VERSION = 5.0;
			};
			name = Release;
		};
/* End XCBuildConfiguration section */

/* Begin XCConfigurationList section */
		B738D2F2298DAC9C002E4D22 /* Build configuration list for PBXProject "Funds" */ = {
			isa = XCConfigurationList;
			buildConfigurations = (
				B738D304298DAC9D002E4D22 /* Debug */,
				B738D305298DAC9D002E4D22 /* Release */,
			);
			defaultConfigurationIsVisible = 0;
			defaultConfigurationName = Release;
		};
		B738D306298DAC9D002E4D22 /* Build configuration list for PBXNativeTarget "Funds" */ = {
			isa = XCConfigurationList;
			buildConfigurations = (
				B738D307298DAC9D002E4D22 /* Debug */,
				B738D308298DAC9D002E4D22 /* Release */,
			);
			defaultConfigurationIsVisible = 0;
			defaultConfigurationName = Release;
		};
/* End XCConfigurationList section */

/* Begin XCRemoteSwiftPackageReference section */
		B79C14F6298DB1FD00978C9F /* XCRemoteSwiftPackageReference "firebase-ios-sdk" */ = {
			isa = XCRemoteSwiftPackageReference;
			repositoryURL = "https://github.com/firebase/firebase-ios-sdk";
			requirement = {
				branch = master;
				kind = branch;
			};
		};
/* End XCRemoteSwiftPackageReference section */

/* Begin XCSwiftPackageProductDependency section */
		B7888A97298DBEDE007EB248 /* FirebaseFirestoreSwift */ = {
			isa = XCSwiftPackageProductDependency;
			package = B79C14F6298DB1FD00978C9F /* XCRemoteSwiftPackageReference "firebase-ios-sdk" */;
			productName = FirebaseFirestoreSwift;
		};
		B79C14F9298DB1FD00978C9F /* FirebaseAuth */ = {
			isa = XCSwiftPackageProductDependency;
			package = B79C14F6298DB1FD00978C9F /* XCRemoteSwiftPackageReference "firebase-ios-sdk" */;
			productName = FirebaseAuth;
		};
/* End XCSwiftPackageProductDependency section */
	};
	rootObject = B738D2EF298DAC9C002E4D22 /* Project object */;
}
